
Microsoft Visual Studio Solution File, Format Version 12.00
# Visual Studio Version 17
VisualStudioVersion = 17.1.32203.90
MinimumVisualStudioVersion = 10.0.40219.1
Project("{FAE04EC0-301F-11D3-BF4B-00C04F79EFBC}") = "Practical3", "Practical3\Practical3.csproj", "{DD0836A3-C94E-4B05-8F27-9908ED22DAA9}"
EndProject
Global
	GlobalSection(SolutionConfigurationPlatforms) = preSolution
		Debug|Any CPU = Debug|Any CPU
		Release|Any CPU = Release|Any CPU
	EndGlobalSection
	GlobalSection(ProjectConfigurationPlatforms) = postSolution
		{DD0836A3-C94E-4B05-8F27-9908ED22DAA9}.Debug|Any CPU.ActiveCfg = Debug|Any CPU
		{DD0836A3-C94E-4B05-8F27-9908ED22DAA9}.Debug|Any CPU.Build.0 = Debug|Any CPU
		{DD0836A3-C94E-4B05-8F27-9908ED22DAA9}.Release|Any CPU.ActiveCfg = Release|Any CPU
		{DD0836A3-C94E-4B05-8F27-9908ED22DAA9}.Release|Any CPU.Build.0 = Release|Any CPU
	EndGlobalSection
	GlobalSection(SolutionProperties) = preSolution
		HideSolutionNode = FALSE
	EndGlobalSection
	GlobalSection(ExtensibilityGlobals) = postSolution
		SolutionGuid = {7D0D7B84-920E-473D-B88D-A95BCD36F215}
	EndGlobalSection
EndGlobal
